// !$*UTF8*$!
{
	archiveVersion = 1;
	classes = {
	};
	objectVersion = 55;
	objects = {

/* Begin PBXBuildFile section */
		962C98D527F70D5B0039F045 /* NSPopoverAppTestApp.swift in Sources */ = {isa = PBXBuildFile; fileRef = 962C98D427F70D5B0039F045 /* NSPopoverAppTestApp.swift */; };
		962C98D727F70D5B0039F045 /* ContentView.swift in Sources */ = {isa = PBXBuildFile; fileRef = 962C98D627F70D5B0039F045 /* ContentView.swift */; };
		962C98D927F70D5D0039F045 /* Assets.xcassets in Resources */ = {isa = PBXBuildFile; fileRef = 962C98D827F70D5D0039F045 /* Assets.xcassets */; };
		962C98DC27F70D5D0039F045 /* Preview Assets.xcassets in Resources */ = {isa = PBXBuildFile; fileRef = 962C98DB27F70D5D0039F045 /* Preview Assets.xcassets */; };
		962C98E427F72A150039F045 /* MenuPopoverView.swift in Sources */ = {isa = PBXBuildFile; fileRef = 962C98E327F72A150039F045 /* MenuPopoverView.swift */; };
/* End PBXBuildFile section */

/* Begin PBXFileReference section */
		962C98D127F70D5B0039F045 /* NSPopoverAppTest.app */ = {isa = PBXFileReference; explicitFileType = wrapper.application; includeInIndex = 0; path = NSPopoverAppTest.app; sourceTree = BUILT_PRODUCTS_DIR; };
		962C98D427F70D5B0039F045 /* NSPopoverAppTestApp.swift */ = {isa = PBXFileReference; lastKnownFileType = sourcecode.swift; path = NSPopoverAppTestApp.swift; sourceTree = "<group>"; };
		962C98D627F70D5B0039F045 /* ContentView.swift */ = {isa = PBXFileReference; lastKnownFileType = sourcecode.swift; path = ContentView.swift; sourceTree = "<group>"; };
		962C98D827F70D5D0039F045 /* Assets.xcassets */ = {isa = PBXFileReference; lastKnownFileType = folder.assetcatalog; path = Assets.xcassets; sourceTree = "<group>"; };
		962C98DB27F70D5D0039F045 /* Preview Assets.xcassets */ = {isa = PBXFileReference; lastKnownFileType = folder.assetcatalog; path = "Preview Assets.xcassets"; sourceTree = "<group>"; };
		962C98DD27F70D5D0039F045 /* NSPopoverAppTest.entitlements */ = {isa = PBXFileReference; lastKnownFileType = text.plist.entitlements; path = NSPopoverAppTest.entitlements; sourceTree = "<group>"; };
		962C98E327F72A150039F045 /* MenuPopoverView.swift */ = {isa = PBXFileReference; lastKnownFileType = sourcecode.swift; path = MenuPopoverView.swift; sourceTree = "<group>"; };
/* End PBXFileReference section */

/* Begin PBXFrameworksBuildPhase section */
		962C98CE27F70D5B0039F045 /* Frameworks */ = {
			isa = PBXFrameworksBuildPhase;
			buildActionMask = 2147483647;
			files = (
			);
			runOnlyForDeploymentPostprocessing = 0;
		};
/* End PBXFrameworksBuildPhase section */

/* Begin PBXGroup section */
		962C98C827F70D5B0039F045 = {
			isa = PBXGroup;
			children = (
				962C98D327F70D5B0039F045 /* NSPopoverAppTest */,
				962C98D227F70D5B0039F045 /* Products */,
			);
			sourceTree = "<group>";
		};
		962C98D227F70D5B0039F045 /* Products */ = {
			isa = PBXGroup;
			children = (
				962C98D127F70D5B0039F045 /* NSPopoverAppTest.app */,
			);
			name = Products;
			sourceTree = "<group>";
		};
		962C98D327F70D5B0039F045 /* NSPopoverAppTest */ = {
			isa = PBXGroup;
			children = (
				962C98D427F70D5B0039F045 /* NSPopoverAppTestApp.swift */,
				962C98D627F70D5B0039F045 /* ContentView.swift */,
				962C98E327F72A150039F045 /* MenuPopoverView.swift */,
				962C98D827F70D5D0039F045 /* Assets.xcassets */,
				962C98DD27F70D5D0039F045 /* NSPopoverAppTest.entitlements */,
				962C98DA27F70D5D0039F045 /* Preview Content */,
			);
			path = NSPopoverAppTest;
			sourceTree = "<group>";
		};
		962C98DA27F70D5D0039F045 /* Preview Content */ = {
			isa = PBXGroup;
			children = (
				962C98DB27F70D5D0039F045 /* Preview Assets.xcassets */,
			);
			path = "Preview Content";
			sourceTree = "<group>";
		};
/* End PBXGroup section */

/* Begin PBXNativeTarget section */
		962C98D027F70D5B0039F045 /* NSPopoverAppTest */ = {
			isa = PBXNativeTarget;
			buildConfigurationList = 962C98E027F70D5D0039F045 /* Build configuration list for PBXNativeTarget "NSPopoverAppTest" */;
			buildPhases = (
				962C98CD27F70D5B0039F045 /* Sources */,
				962C98CE27F70D5B0039F045 /* Frameworks */,
				962C98CF27F70D5B0039F045 /* Resources */,
			);
			buildRules = (
			);
			dependencies = (
			);
			name = NSPopoverAppTest;
			productName = NSPopoverAppTest;
			productReference = 962C98D127F70D5B0039F045 /* NSPopoverAppTest.app */;
			productType = "com.apple.product-type.application";
		};
/* End PBXNativeTarget section */

/* Begin PBXProject section */
		962C98C927F70D5B0039F045 /* Project object */ = {
			isa = PBXProject;
			attributes = {
				BuildIndependentTargetsInParallel = 1;
				LastSwiftUpdateCheck = 1330;
				LastUpgradeCheck = 1330;
				TargetAttributes = {
					962C98D027F70D5B0039F045 = {
						CreatedOnToolsVersion = 13.3;
					};
				};
			};
			buildConfigurationList = 962C98CC27F70D5B0039F045 /* Build configuration list for PBXProject "NSPopoverAppTest" */;
			compatibilityVersion = "Xcode 13.0";
			developmentRegion = en;
			hasScannedForEncodings = 0;
			knownRegions = (
				en,
				Base,
			);
			mainGroup = 962C98C827F70D5B0039F045;
			productRefGroup = 962C98D227F70D5B0039F045 /* Products */;
			projectDirPath = "";
			projectRoot = "";
			targets = (
				962C98D027F70D5B0039F045 /* NSPopoverAppTest */,
			);
		};
/* End PBXProject section */

/* Begin PBXResourcesBuildPhase section */
		962C98CF27F70D5B0039F045 /* Resources */ = {
			isa = PBXResourcesBuildPhase;
			buildActionMask = 2147483647;
			files = (
				962C98DC27F70D5D0039F045 /* Preview Assets.xcassets in Resources */,
				962C98D927F70D5D0039F045 /* Assets.xcassets in Resources */,
			);
			runOnlyForDeploymentPostprocessing = 0;
		};
/* End PBXResourcesBuildPhase section */

/* Begin PBXSourcesBuildPhase section */
		962C98CD27F70D5B0039F045 /* Sources */ = {
			isa = PBXSourcesBuildPhase;
			buildActionMask = 2147483647;
			files = (
				962C98D727F70D5B0039F045 /* ContentView.swift in Sources */,
				962C98E427F72A150039F045 /* MenuPopoverView.swift in Sources */,
				962C98D527F70D5B0039F045 /* NSPopoverAppTestApp.swift in Sources */,
			);
			runOnlyForDeploymentPostprocessing = 0;
		};
/* End PBXSourcesBuildPhase section */

/* Begin XCBuildConfiguration section */
		962C98DE27F70D5D0039F045 /* Debug */ = {
			isa = XCBuildConfiguration;
			buildSettings = {
				ALWAYS_SEARCH_USER_PATHS = NO;
				CLANG_ANALYZER_NONNULL = YES;
				CLANG_ANALYZER_NUMBER_OBJECT_CONVERSION = YES_AGGRESSIVE;
				CLANG_CXX_LANGUAGE_STANDARD = "gnu++17";
				CLANG_ENABLE_MODULES = YES;
				CLANG_ENABLE_OBJC_ARC = YES;
				CLANG_ENABLE_OBJC_WEAK = YES;
				CLANG_WARN_BLOCK_CAPTURE_AUTORELEASING = YES;
				CLANG_WARN_BOOL_CONVERSION = YES;
				CLANG_WARN_COMMA = YES;
				CLANG_WARN_CONSTANT_CONVERSION = YES;
				CLANG_WARN_DEPRECATED_OBJC_IMPLEMENTATIONS = YES;
				CLANG_WARN_DIRECT_OBJC_ISA_USAGE = YES_ERROR;
				CLANG_WARN_DOCUMENTATION_COMMENTS = YES;
				CLANG_WARN_EMPTY_BODY = YES;
				CLANG_WARN_ENUM_CONVERSION = YES;
				CLANG_WARN_INFINITE_RECURSION = YES;
				CLANG_WARN_INT_CONVERSION = YES;
				CLANG_WARN_NON_LITERAL_NULL_CONVERSION = YES;
				CLANG_WARN_OBJC_IMPLICIT_RETAIN_SELF = YES;
				CLANG_WARN_OBJC_LITERAL_CONVERSION = YES;
				CLANG_WARN_OBJC_ROOT_CLASS = YES_ERROR;
				CLANG_WARN_QUOTED_INCLUDE_IN_FRAMEWORK_HEADER = YES;
				CLANG_WARN_RANGE_LOOP_ANALYSIS = YES;
				CLANG_WARN_STRICT_PROTOTYPES = YES;
				CLANG_WARN_SUSPICIOUS_MOVE = YES;
				CLANG_WARN_UNGUARDED_AVAILABILITY = YES_AGGRESSIVE;
				CLANG_WARN_UNREACHABLE_CODE = YES;
				CLANG_WARN__DUPLICATE_METHOD_MATCH = YES;
				COPY_PHASE_STRIP = NO;
				DEBUG_INFORMATION_FORMAT = dwarf;
				ENABLE_STRICT_OBJC_MSGSEND = YES;
				ENABLE_TESTABILITY = YES;
				GCC_C_LANGUAGE_STANDARD = gnu11;
				GCC_DYNAMIC_NO_PIC = NO;
				GCC_NO_COMMON_BLOCKS = YES;
				GCC_OPTIMIZATION_LEVEL = 0;
				GCC_PREPROCESSOR_DEFINITIONS = (
					"DEBUG=1",
					"$(inherited)",
				);
				GCC_WARN_64_TO_32_BIT_CONVERSION = YES;
				GCC_WARN_ABOUT_RETURN_TYPE = YES_ERROR;
				GCC_WARN_UNDECLARED_SELECTOR = YES;
				GCC_WARN_UNINITIALIZED_AUTOS = YES_AGGRESSIVE;
				GCC_WARN_UNUSED_FUNCTION = YES;
				GCC_WARN_UNUSED_VARIABLE = YES;
				MACOSX_DEPLOYMENT_TARGET = 12.3;
				MTL_ENABLE_DEBUG_INFO = INCLUDE_SOURCE;
				MTL_FAST_MATH = YES;
				ONLY_ACTIVE_ARCH = YES;
				SDKROOT = macosx;
				SWIFT_ACTIVE_COMPILATION_CONDITIONS = DEBUG;
				SWIFT_OPTIMIZATION_LEVEL = "-Onone";
			};
			name = Debug;
		};
		962C98DF27F70D5D0039F045 /* Release */ = {
			isa = XCBuildConfiguration;
			buildSettings = {
				ALWAYS_SEARCH_USER_PATHS = NO;
				CLANG_ANALYZER_NONNULL = YES;
				CLANG_ANALYZER_NUMBER_OBJECT_CONVERSION = YES_AGGRESSIVE;
				CLANG_CXX_LANGUAGE_STANDARD = "gnu++17";
				CLANG_ENABLE_MODULES = YES;
				CLANG_ENABLE_OBJC_ARC = YES;
				CLANG_ENABLE_OBJC_WEAK = YES;
				CLANG_WARN_BLOCK_CAPTURE_AUTORELEASING = YES;
				CLANG_WARN_BOOL_CONVERSION = YES;
				CLANG_WARN_COMMA = YES;
				CLANG_WARN_CONSTANT_CONVERSION = YES;
				CLANG_WARN_DEPRECATED_OBJC_IMPLEMENTATIONS = YES;
				CLANG_WARN_DIRECT_OBJC_ISA_USAGE = YES_ERROR;
				CLANG_WARN_DOCUMENTATION_COMMENTS = YES;
				CLANG_WARN_EMPTY_BODY = YES;
				CLANG_WARN_ENUM_CONVERSION = YES;
				CLANG_WARN_INFINITE_RECURSION = YES;
				CLANG_WARN_INT_CONVERSION = YES;
				CLANG_WARN_NON_LITERAL_NULL_CONVERSION = YES;
				CLANG_WARN_OBJC_IMPLICIT_RETAIN_SELF = YES;
				CLANG_WARN_OBJC_LITERAL_CONVERSION = YES;
				CLANG_WARN_OBJC_ROOT_CLASS = YES_ERROR;
				CLANG_WARN_QUOTED_INCLUDE_IN_FRAMEWORK_HEADER = YES;
				CLANG_WARN_RANGE_LOOP_ANALYSIS = YES;
				CLANG_WARN_STRICT_PROTOTYPES = YES;
				CLANG_WARN_SUSPICIOUS_MOVE = YES;
				CLANG_WARN_UNGUARDED_AVAILABILITY = YES_AGGRESSIVE;
				CLANG_WARN_UNREACHABLE_CODE = YES;
				CLANG_WARN__DUPLICATE_METHOD_MATCH = YES;
				COPY_PHASE_STRIP = NO;
				DEBUG_INFORMATION_FORMAT = "dwarf-with-dsym";
				ENABLE_NS_ASSERTIONS = NO;
				ENABLE_STRICT_OBJC_MSGSEND = YES;
				GCC_C_LANGUAGE_STANDARD = gnu11;
				GCC_NO_COMMON_BLOCKS = YES;
				GCC_WARN_64_TO_32_BIT_CONVERSION = YES;
				GCC_WARN_ABOUT_RETURN_TYPE = YES_ERROR;
				GCC_WARN_UNDECLARED_SELECTOR = YES;
				GCC_WARN_UNINITIALIZED_AUTOS = YES_AGGRESSIVE;
				GCC_WARN_UNUSED_FUNCTION = YES;
				GCC_WARN_UNUSED_VARIABLE = YES;
				MACOSX_DEPLOYMENT_TARGET = 12.3;
				MTL_ENABLE_DEBUG_INFO = NO;
				MTL_FAST_MATH = YES;
				SDKROOT = macosx;
				SWIFT_COMPILATION_MODE = wholemodule;
				SWIFT_OPTIMIZATION_LEVEL = "-O";
			};
			name = Release;
		};
		962C98E127F70D5D0039F045 /* Debug */ = {
			isa = XCBuildConfiguration;
			buildSettings = {
				ASSETCATALOG_COMPILER_APPICON_NAME = AppIcon;
				ASSETCATALOG_COMPILER_GLOBAL_ACCENT_COLOR_NAME = AccentColor;
				CODE_SIGN_ENTITLEMENTS = NSPopoverAppTest/NSPopoverAppTest.entitlements;
				CODE_SIGN_STYLE = Automatic;
				COMBINE_HIDPI_IMAGES = YES;
				CURRENT_PROJECT_VERSION = 1;
				DEVELOPMENT_ASSET_PATHS = "\"NSPopoverAppTest/Preview Content\"";
				DEVELOPMENT_TEAM = Q7X9HT8RH8;
				ENABLE_HARDENED_RUNTIME = YES;
				ENABLE_PREVIEWS = YES;
				GENERATE_INFOPLIST_FILE = YES;
				INFOPLIST_KEY_NSHumanReadableCopyright = "";
				LD_RUNPATH_SEARCH_PATHS = (
					"$(inherited)",
					"@executable_path/../Frameworks",
				);
				MARKETING_VERSION = 1.0;
				PRODUCT_BUNDLE_IDENTIFIER = com.fsecure.bogdantudosie.NSPopoverAppTest;
				PRODUCT_NAME = "$(TARGET_NAME)";
				SWIFT_EMIT_LOC_STRINGS = YES;
				SWIFT_VERSION = 5.0;
			};
			name = Debug;
		};
		962C98E227F70D5D0039F045 /* Release */ = {
			isa = XCBuildConfiguration;
			buildSettings = {
				ASSETCATALOG_COMPILER_APPICON_NAME = AppIcon;
				ASSETCATALOG_COMPILER_GLOBAL_ACCENT_COLOR_NAME = AccentColor;
				CODE_SIGN_ENTITLEMENTS = NSPopoverAppTest/NSPopoverAppTest.entitlements;
				CODE_SIGN_STYLE = Automatic;
				COMBINE_HIDPI_IMAGES = YES;
				CURRENT_PROJECT_VERSION = 1;
				DEVELOPMENT_ASSET_PATHS = "\"NSPopoverAppTest/Preview Content\"";
				DEVELOPMENT_TEAM = Q7X9HT8RH8;
				ENABLE_HARDENED_RUNTIME = YES;
				ENABLE_PREVIEWS = YES;
				GENERATE_INFOPLIST_FILE = YES;
				INFOPLIST_KEY_NSHumanReadableCopyright = "";
				LD_RUNPATH_SEARCH_PATHS = (
					"$(inherited)",
					"@executable_path/../Frameworks",
				);
				MARKETING_VERSION = 1.0;
				PRODUCT_BUNDLE_IDENTIFIER = com.fsecure.bogdantudosie.NSPopoverAppTest;
				PRODUCT_NAME = "$(TARGET_NAME)";
				SWIFT_EMIT_LOC_STRINGS = YES;
				SWIFT_VERSION = 5.0;
			};
			name = Release;
		};
/* End XCBuildConfiguration section */

/* Begin XCConfigurationList section */
		962C98CC27F70D5B0039F045 /* Build configuration list for PBXProject "NSPopoverAppTest" */ = {
			isa = XCConfigurationList;
			buildConfigurations = (
				962C98DE27F70D5D0039F045 /* Debug */,
				962C98DF27F70D5D0039F045 /* Release */,
			);
			defaultConfigurationIsVisible = 0;
			defaultConfigurationName = Release;
		};
		962C98E027F70D5D0039F045 /* Build configuration list for PBXNativeTarget "NSPopoverAppTest" */ = {
			isa = XCConfigurationList;
			buildConfigurations = (
				962C98E127F70D5D0039F045 /* Debug */,
				962C98E227F70D5D0039F045 /* Release */,
			);
			defaultConfigurationIsVisible = 0;
			defaultConfigurationName = Release;
		};
/* End XCConfigurationList section */
	};
	rootObject = 962C98C927F70D5B0039F045 /* Project object */;
}
